
Microsoft Visual Studio Solution File, Format Version 12.00
# Visual Studio Version 17
VisualStudioVersion = 17.5.33414.496
MinimumVisualStudioVersion = 10.0.40219.1
Project("{9A19103F-16F7-4668-BE54-9A1E7A4F7556}") = "AvaloniaEidos", "AvaloniaEidos.csproj", "{4E3BDA95-F3AA-445C-A1BF-CC9A81066449}"
EndProject
Project("{9A19103F-16F7-4668-BE54-9A1E7A4F7556}") = "AvaloniaEidos.Desktop", "..\AvaloniaEidos.Desktop\AvaloniaEidos.Desktop.csproj", "{44E19957-3D09-4F61-A035-A2D69DB5F159}"
EndProject
Global
	GlobalSection(SolutionConfigurationPlatforms) = preSolution
		Debug|Any CPU = Debug|Any CPU
		Release|Any CPU = Release|Any CPU
	EndGlobalSection
	GlobalSection(ProjectConfigurationPlatforms) = postSolution
		{4E3BDA95-F3AA-445C-A1BF-CC9A81066449}.Debug|Any CPU.ActiveCfg = Debug|Any CPU
		{4E3BDA95-F3AA-445C-A1BF-CC9A81066449}.Debug|Any CPU.Build.0 = Debug|Any CPU
		{4E3BDA95-F3AA-445C-A1BF-CC9A81066449}.Release|Any CPU.ActiveCfg = Release|Any CPU
		{4E3BDA95-F3AA-445C-A1BF-CC9A81066449}.Release|Any CPU.Build.0 = Release|Any CPU
		{44E19957-3D09-4F61-A035-A2D69DB5F159}.Debug|Any CPU.ActiveCfg = Debug|Any CPU
		{44E19957-3D09-4F61-A035-A2D69DB5F159}.Debug|Any CPU.Build.0 = Debug|Any CPU
		{44E19957-3D09-4F61-A035-A2D69DB5F159}.Release|Any CPU.ActiveCfg = Release|Any CPU
		{44E19957-3D09-4F61-A035-A2D69DB5F159}.Release|Any CPU.Build.0 = Release|Any CPU
	EndGlobalSection
	GlobalSection(SolutionProperties) = preSolution
		HideSolutionNode = FALSE
	EndGlobalSection
	GlobalSection(ExtensibilityGlobals) = postSolution
		SolutionGuid = {63AA3830-A632-44C4-A46A-AA6F76046523}
	EndGlobalSection
EndGlobal
